
Microsoft Visual Studio Solution File, Format Version 12.00
# Visual Studio Version 16
VisualStudioVersion = 16.0.30114.105
MinimumVisualStudioVersion = 10.0.40219.1
Project("{FAE04EC0-301F-11D3-BF4B-00C04F79EFBC}") = "Encora.ConsoleApp", "Encora.ConsoleApp\Encora.ConsoleApp.csproj", "{063FE4F0-DFA4-46C7-BA5C-F97BF99058AC}"
EndProject
Project("{FAE04EC0-301F-11D3-BF4B-00C04F79EFBC}") = "Encora.Business", "Encora.Business\Encora.Business.csproj", "{BD12DCE0-8C63-4A75-9043-EA6D3670C81E}"
EndProject
Project("{FAE04EC0-301F-11D3-BF4B-00C04F79EFBC}") = "Encora.Business.Test", "Encora.Business.Test\Encora.Business.Test.csproj", "{3E3445F1-B813-4D1B-B175-0EDDF8A42865}"
EndProject
Project("{FAE04EC0-301F-11D3-BF4B-00C04F79EFBC}") = "Encora.Model", "Encora.Model\Encora.Model.csproj", "{87F2CE12-6E2E-46F1-823E-41A22108918B}"
EndProject
Global
	GlobalSection(SolutionConfigurationPlatforms) = preSolution
		Debug|Any CPU = Debug|Any CPU
		Debug|x64 = Debug|x64
		Debug|x86 = Debug|x86
		Release|Any CPU = Release|Any CPU
		Release|x64 = Release|x64
		Release|x86 = Release|x86
	EndGlobalSection
	GlobalSection(SolutionProperties) = preSolution
		HideSolutionNode = FALSE
	EndGlobalSection
	GlobalSection(ProjectConfigurationPlatforms) = postSolution
		{063FE4F0-DFA4-46C7-BA5C-F97BF99058AC}.Debug|Any CPU.ActiveCfg = Debug|Any CPU
		{063FE4F0-DFA4-46C7-BA5C-F97BF99058AC}.Debug|Any CPU.Build.0 = Debug|Any CPU
		{063FE4F0-DFA4-46C7-BA5C-F97BF99058AC}.Debug|x64.ActiveCfg = Debug|Any CPU
		{063FE4F0-DFA4-46C7-BA5C-F97BF99058AC}.Debug|x64.Build.0 = Debug|Any CPU
		{063FE4F0-DFA4-46C7-BA5C-F97BF99058AC}.Debug|x86.ActiveCfg = Debug|Any CPU
		{063FE4F0-DFA4-46C7-BA5C-F97BF99058AC}.Debug|x86.Build.0 = Debug|Any CPU
		{063FE4F0-DFA4-46C7-BA5C-F97BF99058AC}.Release|Any CPU.ActiveCfg = Release|Any CPU
		{063FE4F0-DFA4-46C7-BA5C-F97BF99058AC}.Release|Any CPU.Build.0 = Release|Any CPU
		{063FE4F0-DFA4-46C7-BA5C-F97BF99058AC}.Release|x64.ActiveCfg = Release|Any CPU
		{063FE4F0-DFA4-46C7-BA5C-F97BF99058AC}.Release|x64.Build.0 = Release|Any CPU
		{063FE4F0-DFA4-46C7-BA5C-F97BF99058AC}.Release|x86.ActiveCfg = Release|Any CPU
		{063FE4F0-DFA4-46C7-BA5C-F97BF99058AC}.Release|x86.Build.0 = Release|Any CPU
		{BD12DCE0-8C63-4A75-9043-EA6D3670C81E}.Debug|Any CPU.ActiveCfg = Debug|Any CPU
		{BD12DCE0-8C63-4A75-9043-EA6D3670C81E}.Debug|Any CPU.Build.0 = Debug|Any CPU
		{BD12DCE0-8C63-4A75-9043-EA6D3670C81E}.Debug|x64.ActiveCfg = Debug|Any CPU
		{BD12DCE0-8C63-4A75-9043-EA6D3670C81E}.Debug|x64.Build.0 = Debug|Any CPU
		{BD12DCE0-8C63-4A75-9043-EA6D3670C81E}.Debug|x86.ActiveCfg = Debug|Any CPU
		{BD12DCE0-8C63-4A75-9043-EA6D3670C81E}.Debug|x86.Build.0 = Debug|Any CPU
		{BD12DCE0-8C63-4A75-9043-EA6D3670C81E}.Release|Any CPU.ActiveCfg = Release|Any CPU
		{BD12DCE0-8C63-4A75-9043-EA6D3670C81E}.Release|Any CPU.Build.0 = Release|Any CPU
		{BD12DCE0-8C63-4A75-9043-EA6D3670C81E}.Release|x64.ActiveCfg = Release|Any CPU
		{BD12DCE0-8C63-4A75-9043-EA6D3670C81E}.Release|x64.Build.0 = Release|Any CPU
		{BD12DCE0-8C63-4A75-9043-EA6D3670C81E}.Release|x86.ActiveCfg = Release|Any CPU
		{BD12DCE0-8C63-4A75-9043-EA6D3670C81E}.Release|x86.Build.0 = Release|Any CPU
		{3E3445F1-B813-4D1B-B175-0EDDF8A42865}.Debug|Any CPU.ActiveCfg = Debug|Any CPU
		{3E3445F1-B813-4D1B-B175-0EDDF8A42865}.Debug|Any CPU.Build.0 = Debug|Any CPU
		{3E3445F1-B813-4D1B-B175-0EDDF8A42865}.Debug|x64.ActiveCfg = Debug|Any CPU
		{3E3445F1-B813-4D1B-B175-0EDDF8A42865}.Debug|x64.Build.0 = Debug|Any CPU
		{3E3445F1-B813-4D1B-B175-0EDDF8A42865}.Debug|x86.ActiveCfg = Debug|Any CPU
		{3E3445F1-B813-4D1B-B175-0EDDF8A42865}.Debug|x86.Build.0 = Debug|Any CPU
		{3E3445F1-B813-4D1B-B175-0EDDF8A42865}.Release|Any CPU.ActiveCfg = Release|Any CPU
		{3E3445F1-B813-4D1B-B175-0EDDF8A42865}.Release|Any CPU.Build.0 = Release|Any CPU
		{3E3445F1-B813-4D1B-B175-0EDDF8A42865}.Release|x64.ActiveCfg = Release|Any CPU
		{3E3445F1-B813-4D1B-B175-0EDDF8A42865}.Release|x64.Build.0 = Release|Any CPU
		{3E3445F1-B813-4D1B-B175-0EDDF8A42865}.Release|x86.ActiveCfg = Release|Any CPU
		{3E3445F1-B813-4D1B-B175-0EDDF8A42865}.Release|x86.Build.0 = Release|Any CPU
		{87F2CE12-6E2E-46F1-823E-41A22108918B}.Debug|Any CPU.ActiveCfg = Debug|Any CPU
		{87F2CE12-6E2E-46F1-823E-41A22108918B}.Debug|Any CPU.Build.0 = Debug|Any CPU
		{87F2CE12-6E2E-46F1-823E-41A22108918B}.Debug|x64.ActiveCfg = Debug|Any CPU
		{87F2CE12-6E2E-46F1-823E-41A22108918B}.Debug|x64.Build.0 = Debug|Any CPU
		{87F2CE12-6E2E-46F1-823E-41A22108918B}.Debug|x86.ActiveCfg = Debug|Any CPU
		{87F2CE12-6E2E-46F1-823E-41A22108918B}.Debug|x86.Build.0 = Debug|Any CPU
		{87F2CE12-6E2E-46F1-823E-41A22108918B}.Release|Any CPU.ActiveCfg = Release|Any CPU
		{87F2CE12-6E2E-46F1-823E-41A22108918B}.Release|Any CPU.Build.0 = Release|Any CPU
		{87F2CE12-6E2E-46F1-823E-41A22108918B}.Release|x64.ActiveCfg = Release|Any CPU
		{87F2CE12-6E2E-46F1-823E-41A22108918B}.Release|x64.Build.0 = Release|Any CPU
		{87F2CE12-6E2E-46F1-823E-41A22108918B}.Release|x86.ActiveCfg = Release|Any CPU
		{87F2CE12-6E2E-46F1-823E-41A22108918B}.Release|x86.Build.0 = Release|Any CPU
	EndGlobalSection
EndGlobal
